// !$*UTF8*$!
{
	archiveVersion = 1;
	classes = {
	};
	objectVersion = 55;
	objects = {

/* Begin PBXBuildFile section */
		660FF29828E0F339000D61E5 /* post.sh in Resources */ = {isa = PBXBuildFile; fileRef = 660FF29728E0F339000D61E5 /* post.sh */; };
		667CE54528BBBA8B0097D935 /* Tests_iOS.swift in Sources */ = {isa = PBXBuildFile; fileRef = 667CE54428BBBA8B0097D935 /* Tests_iOS.swift */; };
		667CE54728BBBA8B0097D935 /* Tests_iOSLaunchTests.swift in Sources */ = {isa = PBXBuildFile; fileRef = 667CE54628BBBA8B0097D935 /* Tests_iOSLaunchTests.swift */; };
		667CE55128BBBA8B0097D935 /* Tests_macOS.swift in Sources */ = {isa = PBXBuildFile; fileRef = 667CE55028BBBA8B0097D935 /* Tests_macOS.swift */; };
		667CE55328BBBA8B0097D935 /* Tests_macOSLaunchTests.swift in Sources */ = {isa = PBXBuildFile; fileRef = 667CE55228BBBA8B0097D935 /* Tests_macOSLaunchTests.swift */; };
		667CE55428BBBA8B0097D935 /* mainApp.swift in Sources */ = {isa = PBXBuildFile; fileRef = 667CE52C28BBBA8B0097D935 /* mainApp.swift */; };
		667CE55528BBBA8B0097D935 /* mainApp.swift in Sources */ = {isa = PBXBuildFile; fileRef = 667CE52C28BBBA8B0097D935 /* mainApp.swift */; };
		667CE55628BBBA8B0097D935 /* ContentView.swift in Sources */ = {isa = PBXBuildFile; fileRef = 667CE52D28BBBA8B0097D935 /* ContentView.swift */; };
		667CE55728BBBA8B0097D935 /* ContentView.swift in Sources */ = {isa = PBXBuildFile; fileRef = 667CE52D28BBBA8B0097D935 /* ContentView.swift */; };
		667CE56928BBBAD40097D935 /* PreferencesView.swift in Sources */ = {isa = PBXBuildFile; fileRef = 667CE56828BBBAD40097D935 /* PreferencesView.swift */; };
		667CE56A28BBBAD40097D935 /* PreferencesView.swift in Sources */ = {isa = PBXBuildFile; fileRef = 667CE56828BBBAD40097D935 /* PreferencesView.swift */; };
		667CE56C28BBBAFF0097D935 /* Client.swift in Sources */ = {isa = PBXBuildFile; fileRef = 667CE56B28BBBAFF0097D935 /* Client.swift */; };
		667CE56D28BBBAFF0097D935 /* Client.swift in Sources */ = {isa = PBXBuildFile; fileRef = 667CE56B28BBBAFF0097D935 /* Client.swift */; };
		667CE57528BBD2110097D935 /* State.swift in Sources */ = {isa = PBXBuildFile; fileRef = 667CE57428BBD2110097D935 /* State.swift */; };
		667CE57628BBD2110097D935 /* State.swift in Sources */ = {isa = PBXBuildFile; fileRef = 667CE57428BBD2110097D935 /* State.swift */; };
		667CE57928BBD7410097D935 /* FollowBarView.swift in Sources */ = {isa = PBXBuildFile; fileRef = 667CE57828BBD7410097D935 /* FollowBarView.swift */; };
		667CE57A28BBD7410097D935 /* FollowBarView.swift in Sources */ = {isa = PBXBuildFile; fileRef = 667CE57828BBD7410097D935 /* FollowBarView.swift */; };
		667CE57D28BBDA130097D935 /* Kingfisher in Frameworks */ = {isa = PBXBuildFile; productRef = 667CE57C28BBDA130097D935 /* Kingfisher */; };
		667CE58028BBDAE00097D935 /* Kingfisher in Frameworks */ = {isa = PBXBuildFile; productRef = 667CE57F28BBDAE00097D935 /* Kingfisher */; };
		667CE58328BBDDB50097D935 /* BrowseView.swift in Sources */ = {isa = PBXBuildFile; fileRef = 667CE58128BBDDB50097D935 /* BrowseView.swift */; };
		667CE58528BBDE4B0097D935 /* Browse.swift in Sources */ = {isa = PBXBuildFile; fileRef = 667CE58428BBDE4B0097D935 /* Browse.swift */; };
		667CE58628BBDE4B0097D935 /* Browse.swift in Sources */ = {isa = PBXBuildFile; fileRef = 667CE58428BBDE4B0097D935 /* Browse.swift */; };
		669526CE28BEBE3F00BBF68B /* Sparkle in Frameworks */ = {isa = PBXBuildFile; productRef = 669526CD28BEBE3F00BBF68B /* Sparkle */; };
		66B3D17E28BC452200552B46 /* submodules in Resources */ = {isa = PBXBuildFile; fileRef = 66B3D17D28BC452200552B46 /* submodules */; };
		66BCDFCC28BBE6DF00A482B2 /* ChatView.swift in Sources */ = {isa = PBXBuildFile; fileRef = 66BCDFCB28BBE6DF00A482B2 /* ChatView.swift */; };
		66BCDFCD28BBE6DF00A482B2 /* ChatView.swift in Sources */ = {isa = PBXBuildFile; fileRef = 66BCDFCB28BBE6DF00A482B2 /* ChatView.swift */; };
		66BCDFCF28BBE73A00A482B2 /* WebView.swift in Sources */ = {isa = PBXBuildFile; fileRef = 66BCDFCE28BBE73A00A482B2 /* WebView.swift */; };
		66BCDFD028BBE73A00A482B2 /* WebView.swift in Sources */ = {isa = PBXBuildFile; fileRef = 66BCDFCE28BBE73A00A482B2 /* WebView.swift */; };
		66BCDFD228BBE9EF00A482B2 /* NSVideoView.swift in Sources */ = {isa = PBXBuildFile; fileRef = 66BCDFD128BBE9EF00A482B2 /* NSVideoView.swift */; };
		66BCDFD328BBE9EF00A482B2 /* NSVideoView.swift in Sources */ = {isa = PBXBuildFile; fileRef = 66BCDFD128BBE9EF00A482B2 /* NSVideoView.swift */; };
		66BCDFD528BBED6200A482B2 /* ffz.js in Resources */ = {isa = PBXBuildFile; fileRef = 66BCDFD428BBED6200A482B2 /* ffz.js */; };
		66BCDFD628BBED6200A482B2 /* ffz.js in Resources */ = {isa = PBXBuildFile; fileRef = 66BCDFD428BBED6200A482B2 /* ffz.js */; };
		66BCDFD728BC07D400A482B2 /* libhelix.a in Frameworks */ = {isa = PBXBuildFile; fileRef = 667CE56F28BBC69C0097D935 /* libhelix.a */; };
		66BCDFD828BC07D400A482B2 /* libjson-c.a in Frameworks */ = {isa = PBXBuildFile; fileRef = 667CE57128BBC6AB0097D935 /* libjson-c.a */; };
		66C71BC928BC737E0045159B /* AVKit.framework in Frameworks */ = {isa = PBXBuildFile; fileRef = 66C71BC828BC737E0045159B /* AVKit.framework */; };
		66C71BD028BC78450045159B /* Updater.swift in Sources */ = {isa = PBXBuildFile; fileRef = 66C71BCF28BC78450045159B /* Updater.swift */; };
		66C71BD128BC78450045159B /* Updater.swift in Sources */ = {isa = PBXBuildFile; fileRef = 66C71BCF28BC78450045159B /* Updater.swift */; };
		66C71BDC28BC98B50045159B /* appcast.xml in Resources */ = {isa = PBXBuildFile; fileRef = 66C71BDB28BC98B50045159B /* appcast.xml */; };
		66C71BDD28BC98B50045159B /* appcast.xml in Resources */ = {isa = PBXBuildFile; fileRef = 66C71BDB28BC98B50045159B /* appcast.xml */; };
		66D2C1C928E8FA19003EFDFF /* SearchMenu.swift in Sources */ = {isa = PBXBuildFile; fileRef = 66D2C1C828E8FA19003EFDFF /* SearchMenu.swift */; };
		66D2C1CA28E8FA19003EFDFF /* SearchMenu.swift in Sources */ = {isa = PBXBuildFile; fileRef = 66D2C1C828E8FA19003EFDFF /* SearchMenu.swift */; };
		66D3E71028BC3F2300FECA92 /* Assets.xcassets in Resources */ = {isa = PBXBuildFile; fileRef = 667CE52E28BBBA8B0097D935 /* Assets.xcassets */; };
/* End PBXBuildFile section */

/* Begin PBXContainerItemProxy section */
		667CE54128BBBA8B0097D935 /* PBXContainerItemProxy */ = {
			isa = PBXContainerItemProxy;
			containerPortal = 667CE52728BBBA8A0097D935 /* Project object */;
			proxyType = 1;
			remoteGlobalIDString = 667CE53228BBBA8B0097D935;
			remoteInfo = "apple-twitch (iOS)";
		};
		667CE54D28BBBA8B0097D935 /* PBXContainerItemProxy */ = {
			isa = PBXContainerItemProxy;
			containerPortal = 667CE52728BBBA8A0097D935 /* Project object */;
			proxyType = 1;
			remoteGlobalIDString = 667CE53828BBBA8B0097D935;
			remoteInfo = "apple-twitch (macOS)";
		};
/* End PBXContainerItemProxy section */

/* Begin PBXCopyFilesBuildPhase section */
		669526CB28BE9E0300BBF68B /* Embed Frameworks */ = {
			isa = PBXCopyFilesBuildPhase;
			buildActionMask = 2147483647;
			dstPath = "";
			dstSubfolderSpec = 10;
			files = (
			);
			name = "Embed Frameworks";
			runOnlyForDeploymentPostprocessing = 0;
		};
/* End PBXCopyFilesBuildPhase section */

/* Begin PBXFileReference section */
		660FF29728E0F339000D61E5 /* post.sh */ = {isa = PBXFileReference; fileEncoding = 4; lastKnownFileType = text.script.sh; path = post.sh; sourceTree = "<group>"; };
		667CE52C28BBBA8B0097D935 /* mainApp.swift */ = {isa = PBXFileReference; lastKnownFileType = sourcecode.swift; path = mainApp.swift; sourceTree = "<group>"; };
		667CE52D28BBBA8B0097D935 /* ContentView.swift */ = {isa = PBXFileReference; lastKnownFileType = sourcecode.swift; path = ContentView.swift; sourceTree = "<group>"; };
		667CE52E28BBBA8B0097D935 /* Assets.xcassets */ = {isa = PBXFileReference; lastKnownFileType = folder.assetcatalog; name = Assets.xcassets; path = Shared/Assets.xcassets; sourceTree = SOURCE_ROOT; };
		667CE53328BBBA8B0097D935 /* Native Twitch.app */ = {isa = PBXFileReference; explicitFileType = wrapper.application; includeInIndex = 0; path = "Native Twitch.app"; sourceTree = BUILT_PRODUCTS_DIR; };
		667CE53928BBBA8B0097D935 /* Native Twitch.app */ = {isa = PBXFileReference; explicitFileType = wrapper.application; includeInIndex = 0; path = "Native Twitch.app"; sourceTree = BUILT_PRODUCTS_DIR; };
		667CE53B28BBBA8B0097D935 /* macOS.entitlements */ = {isa = PBXFileReference; lastKnownFileType = text.plist.entitlements; path = macOS.entitlements; sourceTree = "<group>"; };
		667CE54028BBBA8B0097D935 /* Tests iOS.xctest */ = {isa = PBXFileReference; explicitFileType = wrapper.cfbundle; includeInIndex = 0; path = "Tests iOS.xctest"; sourceTree = BUILT_PRODUCTS_DIR; };
		667CE54428BBBA8B0097D935 /* Tests_iOS.swift */ = {isa = PBXFileReference; lastKnownFileType = sourcecode.swift; path = Tests_iOS.swift; sourceTree = "<group>"; };
		667CE54628BBBA8B0097D935 /* Tests_iOSLaunchTests.swift */ = {isa = PBXFileReference; lastKnownFileType = sourcecode.swift; path = Tests_iOSLaunchTests.swift; sourceTree = "<group>"; };
		667CE54C28BBBA8B0097D935 /* Tests macOS.xctest */ = {isa = PBXFileReference; explicitFileType = wrapper.cfbundle; includeInIndex = 0; path = "Tests macOS.xctest"; sourceTree = BUILT_PRODUCTS_DIR; };
		667CE55028BBBA8B0097D935 /* Tests_macOS.swift */ = {isa = PBXFileReference; lastKnownFileType = sourcecode.swift; path = Tests_macOS.swift; sourceTree = "<group>"; };
		667CE55228BBBA8B0097D935 /* Tests_macOSLaunchTests.swift */ = {isa = PBXFileReference; lastKnownFileType = sourcecode.swift; path = Tests_macOSLaunchTests.swift; sourceTree = "<group>"; };
		667CE56828BBBAD40097D935 /* PreferencesView.swift */ = {isa = PBXFileReference; lastKnownFileType = sourcecode.swift; path = PreferencesView.swift; sourceTree = "<group>"; };
		667CE56B28BBBAFF0097D935 /* Client.swift */ = {isa = PBXFileReference; lastKnownFileType = sourcecode.swift; path = Client.swift; sourceTree = "<group>"; };
		667CE56F28BBC69C0097D935 /* libhelix.a */ = {isa = PBXFileReference; lastKnownFileType = archive.ar; name = libhelix.a; path = ../../../../../usr/local/lib/libhelix.a; sourceTree = "<group>"; };
		667CE57128BBC6AB0097D935 /* libjson-c.a */ = {isa = PBXFileReference; lastKnownFileType = archive.ar; name = "libjson-c.a"; path = "../../../../../usr/local/lib/libjson-c.a"; sourceTree = "<group>"; };
		667CE57328BBC7660097D935 /* apple-twitch-Bridging-Header.h */ = {isa = PBXFileReference; lastKnownFileType = sourcecode.c.h; path = "apple-twitch-Bridging-Header.h"; sourceTree = "<group>"; };
		667CE57428BBD2110097D935 /* State.swift */ = {isa = PBXFileReference; lastKnownFileType = sourcecode.swift; path = State.swift; sourceTree = "<group>"; };
		667CE57828BBD7410097D935 /* FollowBarView.swift */ = {isa = PBXFileReference; lastKnownFileType = sourcecode.swift; path = FollowBarView.swift; sourceTree = "<group>"; };
		667CE58128BBDDB50097D935 /* BrowseView.swift */ = {isa = PBXFileReference; lastKnownFileType = sourcecode.swift; path = BrowseView.swift; sourceTree = "<group>"; };
		667CE58428BBDE4B0097D935 /* Browse.swift */ = {isa = PBXFileReference; lastKnownFileType = sourcecode.swift; path = Browse.swift; sourceTree = "<group>"; };
		66B3D17D28BC452200552B46 /* submodules */ = {isa = PBXFileReference; lastKnownFileType = folder; path = submodules; sourceTree = "<group>"; };
		66BCDFCB28BBE6DF00A482B2 /* ChatView.swift */ = {isa = PBXFileReference; lastKnownFileType = sourcecode.swift; path = ChatView.swift; sourceTree = "<group>"; };
		66BCDFCE28BBE73A00A482B2 /* WebView.swift */ = {isa = PBXFileReference; lastKnownFileType = sourcecode.swift; path = WebView.swift; sourceTree = "<group>"; };
		66BCDFD128BBE9EF00A482B2 /* NSVideoView.swift */ = {isa = PBXFileReference; lastKnownFileType = sourcecode.swift; path = NSVideoView.swift; sourceTree = "<group>"; };
		66BCDFD428BBED6200A482B2 /* ffz.js */ = {isa = PBXFileReference; lastKnownFileType = sourcecode.javascript; path = ffz.js; sourceTree = "<group>"; };
		66C71BC828BC737E0045159B /* AVKit.framework */ = {isa = PBXFileReference; lastKnownFileType = wrapper.framework; name = AVKit.framework; path = System/Library/Frameworks/AVKit.framework; sourceTree = SDKROOT; };
		66C71BCF28BC78450045159B /* Updater.swift */ = {isa = PBXFileReference; lastKnownFileType = sourcecode.swift; path = Updater.swift; sourceTree = "<group>"; };
		66C71BD528BC7C680045159B /* native-twitch--macOS--Info.plist */ = {isa = PBXFileReference; lastKnownFileType = text.plist; path = "native-twitch--macOS--Info.plist"; sourceTree = "<group>"; };
		66C71BDB28BC98B50045159B /* appcast.xml */ = {isa = PBXFileReference; fileEncoding = 4; lastKnownFileType = text.xml; path = appcast.xml; sourceTree = "<group>"; };
		66D2C1C828E8FA19003EFDFF /* SearchMenu.swift */ = {isa = PBXFileReference; lastKnownFileType = sourcecode.swift; path = SearchMenu.swift; sourceTree = "<group>"; };
/* End PBXFileReference section */

/* Begin PBXFrameworksBuildPhase section */
		667CE53028BBBA8B0097D935 /* Frameworks */ = {
			isa = PBXFrameworksBuildPhase;
			buildActionMask = 2147483647;
			files = (
				66BCDFD728BC07D400A482B2 /* libhelix.a in Frameworks */,
				66BCDFD828BC07D400A482B2 /* libjson-c.a in Frameworks */,
				667CE57D28BBDA130097D935 /* Kingfisher in Frameworks */,
			);
			runOnlyForDeploymentPostprocessing = 0;
		};
		667CE53628BBBA8B0097D935 /* Frameworks */ = {
			isa = PBXFrameworksBuildPhase;
			buildActionMask = 2147483647;
			files = (
				669526CE28BEBE3F00BBF68B /* Sparkle in Frameworks */,
				66C71BC928BC737E0045159B /* AVKit.framework in Frameworks */,
				667CE58028BBDAE00097D935 /* Kingfisher in Frameworks */,
			);
			runOnlyForDeploymentPostprocessing = 0;
		};
		667CE53D28BBBA8B0097D935 /* Frameworks */ = {
			isa = PBXFrameworksBuildPhase;
			buildActionMask = 2147483647;
			files = (
			);
			runOnlyForDeploymentPostprocessing = 0;
		};
		667CE54928BBBA8B0097D935 /* Frameworks */ = {
			isa = PBXFrameworksBuildPhase;
			buildActionMask = 2147483647;
			files = (
			);
			runOnlyForDeploymentPostprocessing = 0;
		};
/* End PBXFrameworksBuildPhase section */

/* Begin PBXGroup section */
		667CE52628BBBA8A0097D935 = {
			isa = PBXGroup;
			children = (
				660FF29728E0F339000D61E5 /* post.sh */,
				66C71BDB28BC98B50045159B /* appcast.xml */,
				66C71BD528BC7C680045159B /* native-twitch--macOS--Info.plist */,
				66B3D17D28BC452200552B46 /* submodules */,
				667CE52B28BBBA8B0097D935 /* Shared */,
				667CE53A28BBBA8B0097D935 /* macOS */,
				66B3D17F28BC454A00552B46 /* iOS */,
				667CE54328BBBA8B0097D935 /* Tests iOS */,
				667CE54F28BBBA8B0097D935 /* Tests macOS */,
				667CE53428BBBA8B0097D935 /* Products */,
				667CE56E28BBC69C0097D935 /* Frameworks */,
			);
			sourceTree = "<group>";
		};
		667CE52B28BBBA8B0097D935 /* Shared */ = {
			isa = PBXGroup;
			children = (
				667CE57728BBD7330097D935 /* UI */,
				667CE52C28BBBA8B0097D935 /* mainApp.swift */,
				667CE52D28BBBA8B0097D935 /* ContentView.swift */,
				667CE52E28BBBA8B0097D935 /* Assets.xcassets */,
				667CE56B28BBBAFF0097D935 /* Client.swift */,
				667CE57328BBC7660097D935 /* apple-twitch-Bridging-Header.h */,
				667CE57428BBD2110097D935 /* State.swift */,
				667CE58428BBDE4B0097D935 /* Browse.swift */,
				66BCDFD428BBED6200A482B2 /* ffz.js */,
			);
			path = Shared;
			sourceTree = "<group>";
		};
		667CE53428BBBA8B0097D935 /* Products */ = {
			isa = PBXGroup;
			children = (
				667CE53328BBBA8B0097D935 /* Native Twitch.app */,
				667CE53928BBBA8B0097D935 /* Native Twitch.app */,
				667CE54028BBBA8B0097D935 /* Tests iOS.xctest */,
				667CE54C28BBBA8B0097D935 /* Tests macOS.xctest */,
			);
			name = Products;
			sourceTree = "<group>";
		};
		667CE53A28BBBA8B0097D935 /* macOS */ = {
			isa = PBXGroup;
			children = (
				667CE53B28BBBA8B0097D935 /* macOS.entitlements */,
			);
			path = macOS;
			sourceTree = "<group>";
		};
		667CE54328BBBA8B0097D935 /* Tests iOS */ = {
			isa = PBXGroup;
			children = (
				667CE54428BBBA8B0097D935 /* Tests_iOS.swift */,
				667CE54628BBBA8B0097D935 /* Tests_iOSLaunchTests.swift */,
			);
			path = "Tests iOS";
			sourceTree = "<group>";
		};
		667CE54F28BBBA8B0097D935 /* Tests macOS */ = {
			isa = PBXGroup;
			children = (
				667CE55028BBBA8B0097D935 /* Tests_macOS.swift */,
				667CE55228BBBA8B0097D935 /* Tests_macOSLaunchTests.swift */,
			);
			path = "Tests macOS";
			sourceTree = "<group>";
		};
		667CE56E28BBC69C0097D935 /* Frameworks */ = {
			isa = PBXGroup;
			children = (
				66C71BC828BC737E0045159B /* AVKit.framework */,
				667CE57128BBC6AB0097D935 /* libjson-c.a */,
				667CE56F28BBC69C0097D935 /* libhelix.a */,
			);
			name = Frameworks;
			sourceTree = "<group>";
		};
		667CE57728BBD7330097D935 /* UI */ = {
			isa = PBXGroup;
			children = (
				667CE56828BBBAD40097D935 /* PreferencesView.swift */,
				667CE57828BBD7410097D935 /* FollowBarView.swift */,
				667CE58128BBDDB50097D935 /* BrowseView.swift */,
				66BCDFCB28BBE6DF00A482B2 /* ChatView.swift */,
				66BCDFCE28BBE73A00A482B2 /* WebView.swift */,
				66BCDFD128BBE9EF00A482B2 /* NSVideoView.swift */,
				66C71BCF28BC78450045159B /* Updater.swift */,
				66D2C1C828E8FA19003EFDFF /* SearchMenu.swift */,
			);
			path = UI;
			sourceTree = "<group>";
		};
		66B3D17F28BC454A00552B46 /* iOS */ = {
			isa = PBXGroup;
			children = (
			);
			path = iOS;
			sourceTree = "<group>";
		};
/* End PBXGroup section */

/* Begin PBXNativeTarget section */
		667CE53228BBBA8B0097D935 /* native-twitch (iOS) */ = {
			isa = PBXNativeTarget;
			buildConfigurationList = 667CE55C28BBBA8B0097D935 /* Build configuration list for PBXNativeTarget "native-twitch (iOS)" */;
			buildPhases = (
				667CE52F28BBBA8B0097D935 /* Sources */,
				667CE53028BBBA8B0097D935 /* Frameworks */,
				667CE53128BBBA8B0097D935 /* Resources */,
			);
			buildRules = (
			);
			dependencies = (
			);
			name = "native-twitch (iOS)";
			packageProductDependencies = (
				667CE57C28BBDA130097D935 /* Kingfisher */,
			);
			productName = "apple-twitch (iOS)";
			productReference = 667CE53328BBBA8B0097D935 /* Native Twitch.app */;
			productType = "com.apple.product-type.application";
		};
		667CE53828BBBA8B0097D935 /* native-twitch (macOS) */ = {
			isa = PBXNativeTarget;
			buildConfigurationList = 667CE55F28BBBA8B0097D935 /* Build configuration list for PBXNativeTarget "native-twitch (macOS)" */;
			buildPhases = (
				667CE53528BBBA8B0097D935 /* Sources */,
				667CE53628BBBA8B0097D935 /* Frameworks */,
				667CE53728BBBA8B0097D935 /* Resources */,
				669526CB28BE9E0300BBF68B /* Embed Frameworks */,
			);
			buildRules = (
			);
			dependencies = (
			);
			name = "native-twitch (macOS)";
			packageProductDependencies = (
				667CE57F28BBDAE00097D935 /* Kingfisher */,
				669526CD28BEBE3F00BBF68B /* Sparkle */,
			);
			productName = "apple-twitch (macOS)";
			productReference = 667CE53928BBBA8B0097D935 /* Native Twitch.app */;
			productType = "com.apple.product-type.application";
		};
		667CE53F28BBBA8B0097D935 /* Tests iOS */ = {
			isa = PBXNativeTarget;
			buildConfigurationList = 667CE56228BBBA8B0097D935 /* Build configuration list for PBXNativeTarget "Tests iOS" */;
			buildPhases = (
				667CE53C28BBBA8B0097D935 /* Sources */,
				667CE53D28BBBA8B0097D935 /* Frameworks */,
				667CE53E28BBBA8B0097D935 /* Resources */,
			);
			buildRules = (
			);
			dependencies = (
				667CE54228BBBA8B0097D935 /* PBXTargetDependency */,
			);
			name = "Tests iOS";
			productName = "Tests iOS";
			productReference = 667CE54028BBBA8B0097D935 /* Tests iOS.xctest */;
			productType = "com.apple.product-type.bundle.ui-testing";
		};
		667CE54B28BBBA8B0097D935 /* Tests macOS */ = {
			isa = PBXNativeTarget;
			buildConfigurationList = 667CE56528BBBA8B0097D935 /* Build configuration list for PBXNativeTarget "Tests macOS" */;
			buildPhases = (
				667CE54828BBBA8B0097D935 /* Sources */,
				667CE54928BBBA8B0097D935 /* Frameworks */,
				667CE54A28BBBA8B0097D935 /* Resources */,
			);
			buildRules = (
			);
			dependencies = (
				667CE54E28BBBA8B0097D935 /* PBXTargetDependency */,
			);
			name = "Tests macOS";
			productName = "Tests macOS";
			productReference = 667CE54C28BBBA8B0097D935 /* Tests macOS.xctest */;
			productType = "com.apple.product-type.bundle.ui-testing";
		};
/* End PBXNativeTarget section */

/* Begin PBXProject section */
		667CE52728BBBA8A0097D935 /* Project object */ = {
			isa = PBXProject;
			attributes = {
				BuildIndependentTargetsInParallel = 1;
				LastSwiftUpdateCheck = 1340;
				LastUpgradeCheck = 1400;
				TargetAttributes = {
					667CE53228BBBA8B0097D935 = {
						CreatedOnToolsVersion = 13.4.1;
					};
					667CE53828BBBA8B0097D935 = {
						CreatedOnToolsVersion = 13.4.1;
					};
					667CE53F28BBBA8B0097D935 = {
						CreatedOnToolsVersion = 13.4.1;
						TestTargetID = 667CE53228BBBA8B0097D935;
					};
					667CE54B28BBBA8B0097D935 = {
						CreatedOnToolsVersion = 13.4.1;
						TestTargetID = 667CE53828BBBA8B0097D935;
					};
				};
			};
			buildConfigurationList = 667CE52A28BBBA8A0097D935 /* Build configuration list for PBXProject "native_twitch" */;
			compatibilityVersion = "Xcode 13.0";
			developmentRegion = en;
			hasScannedForEncodings = 0;
			knownRegions = (
				en,
				Base,
			);
			mainGroup = 667CE52628BBBA8A0097D935;
			packageReferences = (
				667CE57B28BBDA130097D935 /* XCRemoteSwiftPackageReference "Kingfisher" */,
				667CE57E28BBDAE00097D935 /* XCRemoteSwiftPackageReference "Kingfisher" */,
				66C71BCC28BC78050045159B /* XCRemoteSwiftPackageReference "Sparkle" */,
			);
			productRefGroup = 667CE53428BBBA8B0097D935 /* Products */;
			projectDirPath = "";
			projectRoot = "";
			targets = (
				667CE53828BBBA8B0097D935 /* native-twitch (macOS) */,
				667CE53228BBBA8B0097D935 /* native-twitch (iOS) */,
				667CE53F28BBBA8B0097D935 /* Tests iOS */,
				667CE54B28BBBA8B0097D935 /* Tests macOS */,
			);
		};
/* End PBXProject section */

/* Begin PBXResourcesBuildPhase section */
		667CE53128BBBA8B0097D935 /* Resources */ = {
			isa = PBXResourcesBuildPhase;
			buildActionMask = 2147483647;
			files = (
				66C71BDD28BC98B50045159B /* appcast.xml in Resources */,
				66BCDFD528BBED6200A482B2 /* ffz.js in Resources */,
			);
			runOnlyForDeploymentPostprocessing = 0;
		};
		667CE53728BBBA8B0097D935 /* Resources */ = {
			isa = PBXResourcesBuildPhase;
			buildActionMask = 2147483647;
			files = (
				66D3E71028BC3F2300FECA92 /* Assets.xcassets in Resources */,
				66B3D17E28BC452200552B46 /* submodules in Resources */,
				66C71BDC28BC98B50045159B /* appcast.xml in Resources */,
				66BCDFD628BBED6200A482B2 /* ffz.js in Resources */,
				660FF29828E0F339000D61E5 /* post.sh in Resources */,
			);
			runOnlyForDeploymentPostprocessing = 0;
		};
		667CE53E28BBBA8B0097D935 /* Resources */ = {
			isa = PBXResourcesBuildPhase;
			buildActionMask = 2147483647;
			files = (
			);
			runOnlyForDeploymentPostprocessing = 0;
		};
		667CE54A28BBBA8B0097D935 /* Resources */ = {
			isa = PBXResourcesBuildPhase;
			buildActionMask = 2147483647;
			files = (
			);
			runOnlyForDeploymentPostprocessing = 0;
		};
/* End PBXResourcesBuildPhase section */

/* Begin PBXSourcesBuildPhase section */
		667CE52F28BBBA8B0097D935 /* Sources */ = {
			isa = PBXSourcesBuildPhase;
			buildActionMask = 2147483647;
			files = (
				667CE55628BBBA8B0097D935 /* ContentView.swift in Sources */,
				66BCDFCF28BBE73A00A482B2 /* WebView.swift in Sources */,
				66BCDFD228BBE9EF00A482B2 /* NSVideoView.swift in Sources */,
				667CE58528BBDE4B0097D935 /* Browse.swift in Sources */,
				667CE57928BBD7410097D935 /* FollowBarView.swift in Sources */,
				66BCDFCC28BBE6DF00A482B2 /* ChatView.swift in Sources */,
				66C71BD128BC78450045159B /* Updater.swift in Sources */,
				667CE57528BBD2110097D935 /* State.swift in Sources */,
				667CE56928BBBAD40097D935 /* PreferencesView.swift in Sources */,
				667CE56C28BBBAFF0097D935 /* Client.swift in Sources */,
				66D2C1CA28E8FA19003EFDFF /* SearchMenu.swift in Sources */,
				667CE55428BBBA8B0097D935 /* mainApp.swift in Sources */,
			);
			runOnlyForDeploymentPostprocessing = 0;
		};
		667CE53528BBBA8B0097D935 /* Sources */ = {
			isa = PBXSourcesBuildPhase;
			buildActionMask = 2147483647;
			files = (
				667CE55728BBBA8B0097D935 /* ContentView.swift in Sources */,
				66BCDFD028BBE73A00A482B2 /* WebView.swift in Sources */,
				66BCDFD328BBE9EF00A482B2 /* NSVideoView.swift in Sources */,
				667CE58628BBDE4B0097D935 /* Browse.swift in Sources */,
				667CE57A28BBD7410097D935 /* FollowBarView.swift in Sources */,
				66C71BD028BC78450045159B /* Updater.swift in Sources */,
				667CE58328BBDDB50097D935 /* BrowseView.swift in Sources */,
				66BCDFCD28BBE6DF00A482B2 /* ChatView.swift in Sources */,
				667CE57628BBD2110097D935 /* State.swift in Sources */,
				667CE56A28BBBAD40097D935 /* PreferencesView.swift in Sources */,
				667CE56D28BBBAFF0097D935 /* Client.swift in Sources */,
				66D2C1C928E8FA19003EFDFF /* SearchMenu.swift in Sources */,
				667CE55528BBBA8B0097D935 /* mainApp.swift in Sources */,
			);
			runOnlyForDeploymentPostprocessing = 0;
		};
		667CE53C28BBBA8B0097D935 /* Sources */ = {
			isa = PBXSourcesBuildPhase;
			buildActionMask = 2147483647;
			files = (
				667CE54728BBBA8B0097D935 /* Tests_iOSLaunchTests.swift in Sources */,
				667CE54528BBBA8B0097D935 /* Tests_iOS.swift in Sources */,
			);
			runOnlyForDeploymentPostprocessing = 0;
		};
		667CE54828BBBA8B0097D935 /* Sources */ = {
			isa = PBXSourcesBuildPhase;
			buildActionMask = 2147483647;
			files = (
				667CE55328BBBA8B0097D935 /* Tests_macOSLaunchTests.swift in Sources */,
				667CE55128BBBA8B0097D935 /* Tests_macOS.swift in Sources */,
			);
			runOnlyForDeploymentPostprocessing = 0;
		};
/* End PBXSourcesBuildPhase section */

/* Begin PBXTargetDependency section */
		667CE54228BBBA8B0097D935 /* PBXTargetDependency */ = {
			isa = PBXTargetDependency;
			target = 667CE53228BBBA8B0097D935 /* native-twitch (iOS) */;
			targetProxy = 667CE54128BBBA8B0097D935 /* PBXContainerItemProxy */;
		};
		667CE54E28BBBA8B0097D935 /* PBXTargetDependency */ = {
			isa = PBXTargetDependency;
			target = 667CE53828BBBA8B0097D935 /* native-twitch (macOS) */;
			targetProxy = 667CE54D28BBBA8B0097D935 /* PBXContainerItemProxy */;
		};
/* End PBXTargetDependency section */

/* Begin XCBuildConfiguration section */
		667CE55A28BBBA8B0097D935 /* Debug */ = {
			isa = XCBuildConfiguration;
			buildSettings = {
				ALWAYS_SEARCH_USER_PATHS = NO;
				CLANG_ANALYZER_NONNULL = YES;
				CLANG_ANALYZER_NUMBER_OBJECT_CONVERSION = YES_AGGRESSIVE;
				CLANG_CXX_LANGUAGE_STANDARD = "gnu++17";
				CLANG_ENABLE_MODULES = YES;
				CLANG_ENABLE_OBJC_ARC = YES;
				CLANG_ENABLE_OBJC_WEAK = YES;
				CLANG_WARN_BLOCK_CAPTURE_AUTORELEASING = YES;
				CLANG_WARN_BOOL_CONVERSION = YES;
				CLANG_WARN_COMMA = YES;
				CLANG_WARN_CONSTANT_CONVERSION = YES;
				CLANG_WARN_DEPRECATED_OBJC_IMPLEMENTATIONS = YES;
				CLANG_WARN_DIRECT_OBJC_ISA_USAGE = YES_ERROR;
				CLANG_WARN_DOCUMENTATION_COMMENTS = YES;
				CLANG_WARN_EMPTY_BODY = YES;
				CLANG_WARN_ENUM_CONVERSION = YES;
				CLANG_WARN_INFINITE_RECURSION = YES;
				CLANG_WARN_INT_CONVERSION = YES;
				CLANG_WARN_NON_LITERAL_NULL_CONVERSION = YES;
				CLANG_WARN_OBJC_IMPLICIT_RETAIN_SELF = YES;
				CLANG_WARN_OBJC_LITERAL_CONVERSION = YES;
				CLANG_WARN_OBJC_ROOT_CLASS = YES_ERROR;
				CLANG_WARN_QUOTED_INCLUDE_IN_FRAMEWORK_HEADER = YES;
				CLANG_WARN_RANGE_LOOP_ANALYSIS = YES;
				CLANG_WARN_STRICT_PROTOTYPES = YES;
				CLANG_WARN_SUSPICIOUS_MOVE = YES;
				CLANG_WARN_UNGUARDED_AVAILABILITY = YES_AGGRESSIVE;
				CLANG_WARN_UNREACHABLE_CODE = YES;
				CLANG_WARN__DUPLICATE_METHOD_MATCH = YES;
				COPY_PHASE_STRIP = NO;
				DEAD_CODE_STRIPPING = YES;
				DEBUG_INFORMATION_FORMAT = dwarf;
				ENABLE_STRICT_OBJC_MSGSEND = YES;
				ENABLE_TESTABILITY = YES;
				GCC_C_LANGUAGE_STANDARD = gnu11;
				GCC_DYNAMIC_NO_PIC = NO;
				GCC_NO_COMMON_BLOCKS = YES;
				GCC_OPTIMIZATION_LEVEL = 0;
				GCC_PREPROCESSOR_DEFINITIONS = (
					"DEBUG=1",
					"$(inherited)",
				);
				GCC_WARN_64_TO_32_BIT_CONVERSION = YES;
				GCC_WARN_ABOUT_RETURN_TYPE = YES_ERROR;
				GCC_WARN_UNDECLARED_SELECTOR = YES;
				GCC_WARN_UNINITIALIZED_AUTOS = YES_AGGRESSIVE;
				GCC_WARN_UNUSED_FUNCTION = YES;
				GCC_WARN_UNUSED_VARIABLE = YES;
				MTL_ENABLE_DEBUG_INFO = disable;
				MTL_FAST_MATH = YES;
				ONLY_ACTIVE_ARCH = YES;
				SDKROOT = macosx;
				SWIFT_ACTIVE_COMPILATION_CONDITIONS = DEBUG;
				SWIFT_OPTIMIZATION_LEVEL = "-Onone";
			};
			name = Debug;
		};
		667CE55B28BBBA8B0097D935 /* Release */ = {
			isa = XCBuildConfiguration;
			buildSettings = {
				ALWAYS_SEARCH_USER_PATHS = NO;
				CLANG_ANALYZER_NONNULL = YES;
				CLANG_ANALYZER_NUMBER_OBJECT_CONVERSION = YES_AGGRESSIVE;
				CLANG_CXX_LANGUAGE_STANDARD = "gnu++17";
				CLANG_ENABLE_MODULES = YES;
				CLANG_ENABLE_OBJC_ARC = YES;
				CLANG_ENABLE_OBJC_WEAK = YES;
				CLANG_WARN_BLOCK_CAPTURE_AUTORELEASING = YES;
				CLANG_WARN_BOOL_CONVERSION = YES;
				CLANG_WARN_COMMA = YES;
				CLANG_WARN_CONSTANT_CONVERSION = YES;
				CLANG_WARN_DEPRECATED_OBJC_IMPLEMENTATIONS = YES;
				CLANG_WARN_DIRECT_OBJC_ISA_USAGE = YES_ERROR;
				CLANG_WARN_DOCUMENTATION_COMMENTS = YES;
				CLANG_WARN_EMPTY_BODY = YES;
				CLANG_WARN_ENUM_CONVERSION = YES;
				CLANG_WARN_INFINITE_RECURSION = YES;
				CLANG_WARN_INT_CONVERSION = YES;
				CLANG_WARN_NON_LITERAL_NULL_CONVERSION = YES;
				CLANG_WARN_OBJC_IMPLICIT_RETAIN_SELF = YES;
				CLANG_WARN_OBJC_LITERAL_CONVERSION = YES;
				CLANG_WARN_OBJC_ROOT_CLASS = YES_ERROR;
				CLANG_WARN_QUOTED_INCLUDE_IN_FRAMEWORK_HEADER = YES;
				CLANG_WARN_RANGE_LOOP_ANALYSIS = YES;
				CLANG_WARN_STRICT_PROTOTYPES = YES;
				CLANG_WARN_SUSPICIOUS_MOVE = YES;
				CLANG_WARN_UNGUARDED_AVAILABILITY = YES_AGGRESSIVE;
				CLANG_WARN_UNREACHABLE_CODE = YES;
				CLANG_WARN__DUPLICATE_METHOD_MATCH = YES;
				COPY_PHASE_STRIP = NO;
				DEAD_CODE_STRIPPING = YES;
				DEBUG_INFORMATION_FORMAT = "dwarf-with-dsym";
				ENABLE_NS_ASSERTIONS = NO;
				ENABLE_STRICT_OBJC_MSGSEND = YES;
				GCC_C_LANGUAGE_STANDARD = gnu11;
				GCC_NO_COMMON_BLOCKS = YES;
				GCC_WARN_64_TO_32_BIT_CONVERSION = YES;
				GCC_WARN_ABOUT_RETURN_TYPE = YES_ERROR;
				GCC_WARN_UNDECLARED_SELECTOR = YES;
				GCC_WARN_UNINITIALIZED_AUTOS = YES_AGGRESSIVE;
				GCC_WARN_UNUSED_FUNCTION = YES;
				GCC_WARN_UNUSED_VARIABLE = YES;
				MTL_ENABLE_DEBUG_INFO = NO;
				MTL_FAST_MATH = YES;
				ONLY_ACTIVE_ARCH = YES;
				SDKROOT = macosx;
				SWIFT_COMPILATION_MODE = wholemodule;
				SWIFT_OPTIMIZATION_LEVEL = "-O";
			};
			name = Release;
		};
		667CE55D28BBBA8B0097D935 /* Debug */ = {
			isa = XCBuildConfiguration;
			buildSettings = {
				ASSETCATALOG_COMPILER_APPICON_NAME = iOSIcon;
				ASSETCATALOG_COMPILER_GLOBAL_ACCENT_COLOR_NAME = AccentColor;
				ASSETCATALOG_COMPILER_INCLUDE_ALL_APPICON_ASSETS = NO;
				CODE_SIGN_STYLE = Automatic;
				CURRENT_PROJECT_VERSION = 1;
				DEVELOPMENT_TEAM = NRKT859HDW;
				ENABLE_PREVIEWS = YES;
				FRAMEWORK_SEARCH_PATHS = (
					"$(inherited)",
					"$(PROJECT_DIR)",
				);
				GENERATE_INFOPLIST_FILE = YES;
				INFOPLIST_KEY_UIApplicationSceneManifest_Generation = YES;
				INFOPLIST_KEY_UIApplicationSupportsIndirectInputEvents = YES;
				INFOPLIST_KEY_UILaunchScreen_Generation = YES;
				INFOPLIST_KEY_UISupportedInterfaceOrientations_iPad = "UIInterfaceOrientationPortrait UIInterfaceOrientationPortraitUpsideDown UIInterfaceOrientationLandscapeLeft UIInterfaceOrientationLandscapeRight";
				INFOPLIST_KEY_UISupportedInterfaceOrientations_iPhone = "UIInterfaceOrientationPortrait UIInterfaceOrientationLandscapeLeft UIInterfaceOrientationLandscapeRight";
				IPHONEOS_DEPLOYMENT_TARGET = 15.5;
				LD_RUNPATH_SEARCH_PATHS = (
					"$(inherited)",
					"@executable_path/Frameworks",
				);
				MARKETING_VERSION = 1.0;
				PRODUCT_BUNDLE_IDENTIFIER = "native-twitch";
				PRODUCT_NAME = "Native Twitch";
				SDKROOT = iphoneos;
				SWIFT_EMIT_LOC_STRINGS = YES;
				SWIFT_VERSION = 5.0;
				TARGETED_DEVICE_FAMILY = "1,2";
			};
			name = Debug;
		};
		667CE55E28BBBA8B0097D935 /* Release */ = {
			isa = XCBuildConfiguration;
			buildSettings = {
				ASSETCATALOG_COMPILER_APPICON_NAME = iOSIcon;
				ASSETCATALOG_COMPILER_GLOBAL_ACCENT_COLOR_NAME = AccentColor;
				ASSETCATALOG_COMPILER_INCLUDE_ALL_APPICON_ASSETS = NO;
				CODE_SIGN_STYLE = Automatic;
				CURRENT_PROJECT_VERSION = 1;
				DEVELOPMENT_TEAM = NRKT859HDW;
				ENABLE_PREVIEWS = YES;
				FRAMEWORK_SEARCH_PATHS = (
					"$(inherited)",
					"$(PROJECT_DIR)",
				);
				GENERATE_INFOPLIST_FILE = YES;
				INFOPLIST_KEY_UIApplicationSceneManifest_Generation = YES;
				INFOPLIST_KEY_UIApplicationSupportsIndirectInputEvents = YES;
				INFOPLIST_KEY_UILaunchScreen_Generation = YES;
				INFOPLIST_KEY_UISupportedInterfaceOrientations_iPad = "UIInterfaceOrientationPortrait UIInterfaceOrientationPortraitUpsideDown UIInterfaceOrientationLandscapeLeft UIInterfaceOrientationLandscapeRight";
				INFOPLIST_KEY_UISupportedInterfaceOrientations_iPhone = "UIInterfaceOrientationPortrait UIInterfaceOrientationLandscapeLeft UIInterfaceOrientationLandscapeRight";
				IPHONEOS_DEPLOYMENT_TARGET = 15.5;
				LD_RUNPATH_SEARCH_PATHS = (
					"$(inherited)",
					"@executable_path/Frameworks",
				);
				MARKETING_VERSION = 1.0;
				PRODUCT_BUNDLE_IDENTIFIER = "native-twitch";
				PRODUCT_NAME = "Native Twitch";
				SDKROOT = iphoneos;
				SWIFT_EMIT_LOC_STRINGS = YES;
				SWIFT_VERSION = 5.0;
				TARGETED_DEVICE_FAMILY = "1,2";
				VALIDATE_PRODUCT = YES;
			};
			name = Release;
		};
		667CE56028BBBA8B0097D935 /* Debug */ = {
			isa = XCBuildConfiguration;
			buildSettings = {
				ASSETCATALOG_COMPILER_APPICON_NAME = AppIcon;
				ASSETCATALOG_COMPILER_GLOBAL_ACCENT_COLOR_NAME = AccentColor;
				ASSETCATALOG_COMPILER_INCLUDE_ALL_APPICON_ASSETS = YES;
				CODE_SIGN_ENTITLEMENTS = macOS/macOS.entitlements;
				CODE_SIGN_IDENTITY = "Apple Development";
				CODE_SIGN_STYLE = Automatic;
				COMBINE_HIDPI_IMAGES = YES;
				CURRENT_PROJECT_VERSION = 2.0.1;
				DEAD_CODE_STRIPPING = NO;
				DEVELOPMENT_TEAM = NRKT859HDW;
				ENABLE_PREVIEWS = YES;
				FRAMEWORK_SEARCH_PATHS = (
					"$(inherited)",
					"$(PROJECT_DIR)",
				);
				GCC_OPTIMIZATION_LEVEL = 0;
				GENERATE_INFOPLIST_FILE = YES;
				HEADER_SEARCH_PATHS = /usr/local/include;
				INFOPLIST_FILE = "native-twitch--macOS--Info.plist";
				INFOPLIST_KEY_LSApplicationCategoryType = "public.app-category.entertainment";
				INFOPLIST_KEY_NSHumanReadableCopyright = "";
				LD_RUNPATH_SEARCH_PATHS = (
					"$(inherited)",
					"@executable_path/../Frameworks",
				);
				LIBRARY_SEARCH_PATHS = /usr/local/lib;
				MACOSX_DEPLOYMENT_TARGET = 12.3;
				MARKETING_VERSION = 2.0.1;
				MTL_ENABLE_DEBUG_INFO = YES;
				OTHER_LDFLAGS = (
					"-L/usr/local/lib",
					"-I/usr/local/include",
					"-lcurl",
					"/usr/local/lib/libjson-c.a",
					/usr/local/lib/libhelix.a,
				);
				PRODUCT_BUNDLE_IDENTIFIER = "adam.native-twitch";
				PRODUCT_NAME = "Native Twitch";
				SDKROOT = macosx;
				STRIP_INSTALLED_PRODUCT = NO;
				SWIFT_EMIT_LOC_STRINGS = YES;
				SWIFT_OBJC_BRIDGING_HEADER = "$(SRCROOT)/shared/apple-twitch-Bridging-Header.h";
				SWIFT_VERSION = 5.0;
			};
			name = Debug;
		};
		667CE56128BBBA8B0097D935 /* Release */ = {
			isa = XCBuildConfiguration;
			buildSettings = {
				ASSETCATALOG_COMPILER_APPICON_NAME = AppIcon;
				ASSETCATALOG_COMPILER_GLOBAL_ACCENT_COLOR_NAME = AccentColor;
				ASSETCATALOG_COMPILER_INCLUDE_ALL_APPICON_ASSETS = YES;
				CODE_SIGN_ENTITLEMENTS = macOS/macOS.entitlements;
				CODE_SIGN_IDENTITY = "Apple Development";
				CODE_SIGN_STYLE = Automatic;
				COMBINE_HIDPI_IMAGES = YES;
				CURRENT_PROJECT_VERSION = 2.0.1;
				DEAD_CODE_STRIPPING = YES;
				DEVELOPMENT_TEAM = NRKT859HDW;
				ENABLE_PREVIEWS = YES;
				FRAMEWORK_SEARCH_PATHS = (
					"$(inherited)",
					"$(PROJECT_DIR)",
				);
				GCC_OPTIMIZATION_LEVEL = s;
				GENERATE_INFOPLIST_FILE = YES;
				HEADER_SEARCH_PATHS = /usr/local/include;
				INFOPLIST_FILE = "native-twitch--macOS--Info.plist";
				INFOPLIST_KEY_LSApplicationCategoryType = "public.app-category.entertainment";
				INFOPLIST_KEY_NSHumanReadableCopyright = "";
				LD_RUNPATH_SEARCH_PATHS = (
					"$(inherited)",
					"@executable_path/../Frameworks",
				);
				LIBRARY_SEARCH_PATHS = /usr/local/lib;
				MACOSX_DEPLOYMENT_TARGET = 12.3;
				MARKETING_VERSION = 2.0.1;
				OTHER_LDFLAGS = (
					"-L/usr/local/lib",
					"-I/usr/local/include",
					"-lcurl",
					"/usr/local/lib/libjson-c.a",
					/usr/local/lib/libhelix.a,
				);
				PRODUCT_BUNDLE_IDENTIFIER = "adam.native-twitch";
				PRODUCT_NAME = "Native Twitch";
				SDKROOT = macosx;
				SWIFT_EMIT_LOC_STRINGS = YES;
				SWIFT_OBJC_BRIDGING_HEADER = "$(SRCROOT)/shared/apple-twitch-Bridging-Header.h";
				SWIFT_VERSION = 5.0;
			};
			name = Release;
		};
		667CE56328BBBA8B0097D935 /* Debug */ = {
			isa = XCBuildConfiguration;
			buildSettings = {
				ALWAYS_EMBED_SWIFT_STANDARD_LIBRARIES = YES;
				CODE_SIGN_STYLE = Automatic;
				CURRENT_PROJECT_VERSION = 1;
				GENERATE_INFOPLIST_FILE = YES;
				IPHONEOS_DEPLOYMENT_TARGET = 15.5;
				MARKETING_VERSION = 1.0;
				PRODUCT_BUNDLE_IDENTIFIER = "adam.Tests-iOS";
				PRODUCT_NAME = "$(TARGET_NAME)";
				SDKROOT = iphoneos;
				SWIFT_EMIT_LOC_STRINGS = NO;
				SWIFT_VERSION = 5.0;
				TARGETED_DEVICE_FAMILY = "1,2";
				TEST_TARGET_NAME = "apple-twitch (iOS)";
			};
			name = Debug;
		};
		667CE56428BBBA8B0097D935 /* Release */ = {
			isa = XCBuildConfiguration;
			buildSettings = {
				ALWAYS_EMBED_SWIFT_STANDARD_LIBRARIES = YES;
				CODE_SIGN_STYLE = Automatic;
				CURRENT_PROJECT_VERSION = 1;
				GENERATE_INFOPLIST_FILE = YES;
				IPHONEOS_DEPLOYMENT_TARGET = 15.5;
				MARKETING_VERSION = 1.0;
				PRODUCT_BUNDLE_IDENTIFIER = "adam.Tests-iOS";
				PRODUCT_NAME = "$(TARGET_NAME)";
				SDKROOT = iphoneos;
				SWIFT_EMIT_LOC_STRINGS = NO;
				SWIFT_VERSION = 5.0;
				TARGETED_DEVICE_FAMILY = "1,2";
				TEST_TARGET_NAME = "apple-twitch (iOS)";
				VALIDATE_PRODUCT = YES;
			};
			name = Release;
		};
		667CE56628BBBA8B0097D935 /* Debug */ = {
			isa = XCBuildConfiguration;
			buildSettings = {
				ALWAYS_EMBED_SWIFT_STANDARD_LIBRARIES = YES;
				CODE_SIGN_STYLE = Automatic;
				CURRENT_PROJECT_VERSION = 1;
				DEAD_CODE_STRIPPING = YES;
				GENERATE_INFOPLIST_FILE = YES;
				MACOSX_DEPLOYMENT_TARGET = 12.3;
				MARKETING_VERSION = 1.0;
				PRODUCT_BUNDLE_IDENTIFIER = "adam.Tests-macOS";
				PRODUCT_NAME = "$(TARGET_NAME)";
				SDKROOT = macosx;
				SWIFT_EMIT_LOC_STRINGS = NO;
				SWIFT_VERSION = 5.0;
				TEST_TARGET_NAME = "apple-twitch (macOS)";
			};
			name = Debug;
		};
		667CE56728BBBA8B0097D935 /* Release */ = {
			isa = XCBuildConfiguration;
			buildSettings = {
				ALWAYS_EMBED_SWIFT_STANDARD_LIBRARIES = YES;
				CODE_SIGN_STYLE = Automatic;
				CURRENT_PROJECT_VERSION = 1;
				DEAD_CODE_STRIPPING = YES;
				GENERATE_INFOPLIST_FILE = YES;
				MACOSX_DEPLOYMENT_TARGET = 12.3;
				MARKETING_VERSION = 1.0;
				PRODUCT_BUNDLE_IDENTIFIER = "adam.Tests-macOS";
				PRODUCT_NAME = "$(TARGET_NAME)";
				SDKROOT = macosx;
				SWIFT_EMIT_LOC_STRINGS = NO;
				SWIFT_VERSION = 5.0;
				TEST_TARGET_NAME = "apple-twitch (macOS)";
			};
			name = Release;
		};
/* End XCBuildConfiguration section */

/* Begin XCConfigurationList section */
		667CE52A28BBBA8A0097D935 /* Build configuration list for PBXProject "native_twitch" */ = {
			isa = XCConfigurationList;
			buildConfigurations = (
				667CE55A28BBBA8B0097D935 /* Debug */,
				667CE55B28BBBA8B0097D935 /* Release */,
			);
			defaultConfigurationIsVisible = 0;
			defaultConfigurationName = Release;
		};
		667CE55C28BBBA8B0097D935 /* Build configuration list for PBXNativeTarget "native-twitch (iOS)" */ = {
			isa = XCConfigurationList;
			buildConfigurations = (
				667CE55D28BBBA8B0097D935 /* Debug */,
				667CE55E28BBBA8B0097D935 /* Release */,
			);
			defaultConfigurationIsVisible = 0;
			defaultConfigurationName = Release;
		};
		667CE55F28BBBA8B0097D935 /* Build configuration list for PBXNativeTarget "native-twitch (macOS)" */ = {
			isa = XCConfigurationList;
			buildConfigurations = (
				667CE56028BBBA8B0097D935 /* Debug */,
				667CE56128BBBA8B0097D935 /* Release */,
			);
			defaultConfigurationIsVisible = 0;
			defaultConfigurationName = Release;
		};
		667CE56228BBBA8B0097D935 /* Build configuration list for PBXNativeTarget "Tests iOS" */ = {
			isa = XCConfigurationList;
			buildConfigurations = (
				667CE56328BBBA8B0097D935 /* Debug */,
				667CE56428BBBA8B0097D935 /* Release */,
			);
			defaultConfigurationIsVisible = 0;
			defaultConfigurationName = Release;
		};
		667CE56528BBBA8B0097D935 /* Build configuration list for PBXNativeTarget "Tests macOS" */ = {
			isa = XCConfigurationList;
			buildConfigurations = (
				667CE56628BBBA8B0097D935 /* Debug */,
				667CE56728BBBA8B0097D935 /* Release */,
			);
			defaultConfigurationIsVisible = 0;
			defaultConfigurationName = Release;
		};
/* End XCConfigurationList section */

/* Begin XCRemoteSwiftPackageReference section */
		667CE57B28BBDA130097D935 /* XCRemoteSwiftPackageReference "Kingfisher" */ = {
			isa = XCRemoteSwiftPackageReference;
			repositoryURL = "https://github.com/onevcat/Kingfisher";
			requirement = {
				kind = upToNextMajorVersion;
				minimumVersion = 7.0.0;
			};
		};
		667CE57E28BBDAE00097D935 /* XCRemoteSwiftPackageReference "Kingfisher" */ = {
			isa = XCRemoteSwiftPackageReference;
			repositoryURL = "https://github.com/onevcat/Kingfisher";
			requirement = {
				branch = master;
				kind = branch;
			};
		};
		66C71BCC28BC78050045159B /* XCRemoteSwiftPackageReference "Sparkle" */ = {
			isa = XCRemoteSwiftPackageReference;
			repositoryURL = "https://github.com/sparkle-project/Sparkle";
			requirement = {
				kind = upToNextMajorVersion;
				minimumVersion = 2.0.0;
			};
		};
/* End XCRemoteSwiftPackageReference section */

/* Begin XCSwiftPackageProductDependency section */
		667CE57C28BBDA130097D935 /* Kingfisher */ = {
			isa = XCSwiftPackageProductDependency;
			package = 667CE57B28BBDA130097D935 /* XCRemoteSwiftPackageReference "Kingfisher" */;
			productName = Kingfisher;
		};
		667CE57F28BBDAE00097D935 /* Kingfisher */ = {
			isa = XCSwiftPackageProductDependency;
			package = 667CE57E28BBDAE00097D935 /* XCRemoteSwiftPackageReference "Kingfisher" */;
			productName = Kingfisher;
		};
		669526CD28BEBE3F00BBF68B /* Sparkle */ = {
			isa = XCSwiftPackageProductDependency;
			package = 66C71BCC28BC78050045159B /* XCRemoteSwiftPackageReference "Sparkle" */;
			productName = Sparkle;
		};
/* End XCSwiftPackageProductDependency section */
	};
	rootObject = 667CE52728BBBA8A0097D935 /* Project object */;
}
